
Microsoft Visual Studio Solution File, Format Version 12.00
# Visual Studio 14
VisualStudioVersion = 14.0.25420.1
MinimumVisualStudioVersion = 10.0.40219.1
Project("{FAE04EC0-301F-11D3-BF4B-00C04F79EFBC}") = "Runner", "Runner\Runner.csproj", "{E53BCDC0-C3AD-4D03-8FD1-8E856BFE7401}"
EndProject
Project("{FAE04EC0-301F-11D3-BF4B-00C04F79EFBC}") = "Configurator", "Configurator\Configurator.csproj", "{4ED6E35B-70C3-43E8-8516-ECF7B44D58DA}"
EndProject
Project("{2150E333-8FDC-42A3-9474-1A3956D46DE8}") = "Test", "Test", "{19FEE1D6-F6EB-46BC-A07C-4BE5E276CCC7}"
EndProject
Project("{FAE04EC0-301F-11D3-BF4B-00C04F79EFBC}") = "Runner.Tests", "Runner.Tests\Runner.Tests.csproj", "{37D72270-5966-45C1-AA0D-4B28BDCB94E6}"
EndProject
Project("{FAE04EC0-301F-11D3-BF4B-00C04F79EFBC}") = "Configurator.Tests", "Configurator.Tests\Configurator.Tests.csproj", "{2C5E3ABB-4172-4585-BE1D-1F860844DBA2}"
EndProject
Project("{FAE04EC0-301F-11D3-BF4B-00C04F79EFBC}") = "Utilities", "Utilities\Utilities.csproj", "{00B86DC0-9554-4A15-AE02-9E531F184CB3}"
EndProject
Project("{FAE04EC0-301F-11D3-BF4B-00C04F79EFBC}") = "Utilities.Tests", "Utilities.Tests\Utilities.Tests.csproj", "{9571D16A-0993-405E-9AD0-80C3045BAFD8}"
EndProject
Project("{FAE04EC0-301F-11D3-BF4B-00C04F79EFBC}") = "Core", "Core\Core.csproj", "{DDD3645D-B5FC-4270-9384-0E7B7C13C122}"
EndProject
Project("{FAE04EC0-301F-11D3-BF4B-00C04F79EFBC}") = "Core.Tests", "Core.Tests\Core.Tests.csproj", "{20B49DC0-3BD7-49DE-B604-7562A952AD08}"
EndProject
Project("{54435603-DBB4-11D2-8724-00A0C9A8B90C}") = "Setup", "Setup\Setup.vdproj", "{1F75F4E2-5376-48DB-90A2-88E2072C8C4B}"
EndProject
Project("{2150E333-8FDC-42A3-9474-1A3956D46DE8}") = "Setup", "Setup", "{9FB3C468-47EA-4DC6-AE07-82763EFEE679}"
EndProject
Project("{FAE04EC0-301F-11D3-BF4B-00C04F79EFBC}") = "Setup.Operations", "Setup.Operations\Setup.Operations.csproj", "{F76A1857-BE84-4623-8716-28A7898BD040}"
EndProject
Project("{FAE04EC0-301F-11D3-BF4B-00C04F79EFBC}") = "Setup.Operations.Tests", "Setup.Operations.Tests\Setup.Operations.Tests.csproj", "{17CA9FBE-F023-4E39-B389-F1D7C3B15B56}"
EndProject
Global
	GlobalSection(SolutionConfigurationPlatforms) = preSolution
		Debug|Any CPU = Debug|Any CPU
		Release|Any CPU = Release|Any CPU
	EndGlobalSection
	GlobalSection(ProjectConfigurationPlatforms) = postSolution
		{E53BCDC0-C3AD-4D03-8FD1-8E856BFE7401}.Debug|Any CPU.ActiveCfg = Debug|Any CPU
		{E53BCDC0-C3AD-4D03-8FD1-8E856BFE7401}.Debug|Any CPU.Build.0 = Debug|Any CPU
		{E53BCDC0-C3AD-4D03-8FD1-8E856BFE7401}.Release|Any CPU.ActiveCfg = Release|Any CPU
		{E53BCDC0-C3AD-4D03-8FD1-8E856BFE7401}.Release|Any CPU.Build.0 = Release|Any CPU
		{4ED6E35B-70C3-43E8-8516-ECF7B44D58DA}.Debug|Any CPU.ActiveCfg = Debug|Any CPU
		{4ED6E35B-70C3-43E8-8516-ECF7B44D58DA}.Debug|Any CPU.Build.0 = Debug|Any CPU
		{4ED6E35B-70C3-43E8-8516-ECF7B44D58DA}.Release|Any CPU.ActiveCfg = Release|Any CPU
		{4ED6E35B-70C3-43E8-8516-ECF7B44D58DA}.Release|Any CPU.Build.0 = Release|Any CPU
		{37D72270-5966-45C1-AA0D-4B28BDCB94E6}.Debug|Any CPU.ActiveCfg = Debug|Any CPU
		{37D72270-5966-45C1-AA0D-4B28BDCB94E6}.Debug|Any CPU.Build.0 = Debug|Any CPU
		{37D72270-5966-45C1-AA0D-4B28BDCB94E6}.Release|Any CPU.ActiveCfg = Release|Any CPU
		{37D72270-5966-45C1-AA0D-4B28BDCB94E6}.Release|Any CPU.Build.0 = Release|Any CPU
		{2C5E3ABB-4172-4585-BE1D-1F860844DBA2}.Debug|Any CPU.ActiveCfg = Debug|Any CPU
		{2C5E3ABB-4172-4585-BE1D-1F860844DBA2}.Debug|Any CPU.Build.0 = Debug|Any CPU
		{2C5E3ABB-4172-4585-BE1D-1F860844DBA2}.Release|Any CPU.ActiveCfg = Release|Any CPU
		{2C5E3ABB-4172-4585-BE1D-1F860844DBA2}.Release|Any CPU.Build.0 = Release|Any CPU
		{00B86DC0-9554-4A15-AE02-9E531F184CB3}.Debug|Any CPU.ActiveCfg = Debug|Any CPU
		{00B86DC0-9554-4A15-AE02-9E531F184CB3}.Debug|Any CPU.Build.0 = Debug|Any CPU
		{00B86DC0-9554-4A15-AE02-9E531F184CB3}.Release|Any CPU.ActiveCfg = Release|Any CPU
		{00B86DC0-9554-4A15-AE02-9E531F184CB3}.Release|Any CPU.Build.0 = Release|Any CPU
		{9571D16A-0993-405E-9AD0-80C3045BAFD8}.Debug|Any CPU.ActiveCfg = Debug|Any CPU
		{9571D16A-0993-405E-9AD0-80C3045BAFD8}.Debug|Any CPU.Build.0 = Debug|Any CPU
		{9571D16A-0993-405E-9AD0-80C3045BAFD8}.Release|Any CPU.ActiveCfg = Release|Any CPU
		{9571D16A-0993-405E-9AD0-80C3045BAFD8}.Release|Any CPU.Build.0 = Release|Any CPU
		{DDD3645D-B5FC-4270-9384-0E7B7C13C122}.Debug|Any CPU.ActiveCfg = Debug|Any CPU
		{DDD3645D-B5FC-4270-9384-0E7B7C13C122}.Debug|Any CPU.Build.0 = Debug|Any CPU
		{DDD3645D-B5FC-4270-9384-0E7B7C13C122}.Release|Any CPU.ActiveCfg = Release|Any CPU
		{DDD3645D-B5FC-4270-9384-0E7B7C13C122}.Release|Any CPU.Build.0 = Release|Any CPU
		{20B49DC0-3BD7-49DE-B604-7562A952AD08}.Debug|Any CPU.ActiveCfg = Debug|Any CPU
		{20B49DC0-3BD7-49DE-B604-7562A952AD08}.Debug|Any CPU.Build.0 = Debug|Any CPU
		{20B49DC0-3BD7-49DE-B604-7562A952AD08}.Release|Any CPU.ActiveCfg = Release|Any CPU
		{20B49DC0-3BD7-49DE-B604-7562A952AD08}.Release|Any CPU.Build.0 = Release|Any CPU
		{1F75F4E2-5376-48DB-90A2-88E2072C8C4B}.Debug|Any CPU.ActiveCfg = Debug
		{1F75F4E2-5376-48DB-90A2-88E2072C8C4B}.Debug|Any CPU.Build.0 = Debug
		{1F75F4E2-5376-48DB-90A2-88E2072C8C4B}.Release|Any CPU.ActiveCfg = Release
		{1F75F4E2-5376-48DB-90A2-88E2072C8C4B}.Release|Any CPU.Build.0 = Release
		{F76A1857-BE84-4623-8716-28A7898BD040}.Debug|Any CPU.ActiveCfg = Debug|Any CPU
		{F76A1857-BE84-4623-8716-28A7898BD040}.Debug|Any CPU.Build.0 = Debug|Any CPU
		{F76A1857-BE84-4623-8716-28A7898BD040}.Release|Any CPU.ActiveCfg = Release|Any CPU
		{F76A1857-BE84-4623-8716-28A7898BD040}.Release|Any CPU.Build.0 = Release|Any CPU
		{17CA9FBE-F023-4E39-B389-F1D7C3B15B56}.Debug|Any CPU.ActiveCfg = Debug|Any CPU
		{17CA9FBE-F023-4E39-B389-F1D7C3B15B56}.Debug|Any CPU.Build.0 = Debug|Any CPU
		{17CA9FBE-F023-4E39-B389-F1D7C3B15B56}.Release|Any CPU.ActiveCfg = Release|Any CPU
		{17CA9FBE-F023-4E39-B389-F1D7C3B15B56}.Release|Any CPU.Build.0 = Release|Any CPU
	EndGlobalSection
	GlobalSection(SolutionProperties) = preSolution
		HideSolutionNode = FALSE
	EndGlobalSection
	GlobalSection(NestedProjects) = preSolution
		{37D72270-5966-45C1-AA0D-4B28BDCB94E6} = {19FEE1D6-F6EB-46BC-A07C-4BE5E276CCC7}
		{2C5E3ABB-4172-4585-BE1D-1F860844DBA2} = {19FEE1D6-F6EB-46BC-A07C-4BE5E276CCC7}
		{9571D16A-0993-405E-9AD0-80C3045BAFD8} = {19FEE1D6-F6EB-46BC-A07C-4BE5E276CCC7}
		{20B49DC0-3BD7-49DE-B604-7562A952AD08} = {19FEE1D6-F6EB-46BC-A07C-4BE5E276CCC7}
		{1F75F4E2-5376-48DB-90A2-88E2072C8C4B} = {9FB3C468-47EA-4DC6-AE07-82763EFEE679}
		{F76A1857-BE84-4623-8716-28A7898BD040} = {9FB3C468-47EA-4DC6-AE07-82763EFEE679}
		{17CA9FBE-F023-4E39-B389-F1D7C3B15B56} = {19FEE1D6-F6EB-46BC-A07C-4BE5E276CCC7}
	EndGlobalSection
EndGlobal
